{
  "lockfile_version": "1",
  "packages": {
    "awscli2": {
      "resolved": "github:NixOS/nixpkgs/e3cb16bccd9facebae3ba29c6a76a4cc1b73462a?narHash=sha256-jpfPdBjKO232s5NueoNEvvVzpndiUzPLNYcH4%2FOv0gY%3D#awscli2",
      "source": "nixpkg"
    },
    "github:NixOS/nixpkgs/nixpkgs-unstable": {
      "last_modified": "2026-02-15T09:18:18Z",
      "resolved": "github:NixOS/nixpkgs/e3cb16bccd9facebae3ba29c6a76a4cc1b73462a?lastModified=1771147098&narHash=sha256-jpfPdBjKO232s5NueoNEvvVzpndiUzPLNYcH4%2FOv0gY%3D"
    },
    "nodePackages.pnpm": {
      "resolved": "github:NixOS/nixpkgs/e3cb16bccd9facebae3ba29c6a76a4cc1b73462a?narHash=sha256-jpfPdBjKO232s5NueoNEvvVzpndiUzPLNYcH4%2FOv0gY%3D#nodePackages.pnpm",
      "source": "nixpkg"
    },
    "nodejs_22": {
      "plugin_version": "0.0.2",
      "resolved": "github:NixOS/nixpkgs/e3cb16bccd9facebae3ba29c6a76a4cc1b73462a?narHash=sha256-jpfPdBjKO232s5NueoNEvvVzpndiUzPLNYcH4%2FOv0gY%3D#nodejs_22",
      "source": "nixpkg"
    },
    "pulumi-bin": {
      "resolved": "github:NixOS/nixpkgs/e3cb16bccd9facebae3ba29c6a76a4cc1b73462a?narHash=sha256-jpfPdBjKO232s5NueoNEvvVzpndiUzPLNYcH4%2FOv0gY%3D#pulumi-bin",
      "source": "nixpkg"
    }
  }
}
